
Microsoft Visual Studio Solution File, Format Version 12.00
# Visual Studio Version 18
VisualStudioVersion = 18.7.11903.348
MinimumVisualStudioVersion = 10.0.40219.1
Project("{FAE04EC0-301F-11D3-BF4B-00C04F79EFBC}") = "PosiTrace", "src\PosiTrace.csproj", "{52514023-9AD2-FB27-4D0E-FC6462BC0FC9}"
EndProject
Project("{FAE04EC0-301F-11D3-BF4B-00C04F79EFBC}") = "PosiTrace.Tests", "test\PosiTrace.Tests\PosiTrace.Tests.csproj", "{D76E65E6-06CA-400C-9A64-9AF59317A45D}"
EndProject
Global
	GlobalSection(SolutionConfigurationPlatforms) = preSolution
		Debug|Any CPU = Debug|Any CPU
		Release|Any CPU = Release|Any CPU
	EndGlobalSection
	GlobalSection(ProjectConfigurationPlatforms) = postSolution
		{52514023-9AD2-FB27-4D0E-FC6462BC0FC9}.Debug|Any CPU.ActiveCfg = Debug|Any CPU
		{52514023-9AD2-FB27-4D0E-FC6462BC0FC9}.Debug|Any CPU.Build.0 = Debug|Any CPU
		{52514023-9AD2-FB27-4D0E-FC6462BC0FC9}.Release|Any CPU.ActiveCfg = Release|Any CPU
		{52514023-9AD2-FB27-4D0E-FC6462BC0FC9}.Release|Any CPU.Build.0 = Release|Any CPU
		{D76E65E6-06CA-400C-9A64-9AF59317A45D}.Debug|Any CPU.ActiveCfg = Debug|Any CPU
		{D76E65E6-06CA-400C-9A64-9AF59317A45D}.Debug|Any CPU.Build.0 = Debug|Any CPU
		{D76E65E6-06CA-400C-9A64-9AF59317A45D}.Release|Any CPU.ActiveCfg = Release|Any CPU
		{D76E65E6-06CA-400C-9A64-9AF59317A45D}.Release|Any CPU.Build.0 = Release|Any CPU
	EndGlobalSection
	GlobalSection(SolutionProperties) = preSolution
		HideSolutionNode = FALSE
	EndGlobalSection
	GlobalSection(ExtensibilityGlobals) = postSolution
		SolutionGuid = {49686874-0A23-45A9-9EAD-13A808125C50}
	EndGlobalSection
EndGlobal
